
Microsoft Visual Studio Solution File, Format Version 11.00
# Visual Studio 2010
Project("{FAE04EC0-301F-11D3-BF4B-00C04F79EFBC}") = "RockSolidOffice", "RockSolidOffice\RockSolidOffice.csproj", "{3A954A04-5553-4D2E-AD57-7D854D8A82DA}"
EndProject
Project("{930C7802-8A8C-48F9-8165-68863BCCD9DD}") = "RockSolidOfficeSetup", "RockSolidOfficeSetup\RockSolidOfficeSetup.wixproj", "{DFCFEE73-0F0A-4214-8F9C-FC6B90C77485}"
EndProject
Global
	GlobalSection(SolutionConfigurationPlatforms) = preSolution
		Debug|Any CPU = Debug|Any CPU
		Debug|Mixed Platforms = Debug|Mixed Platforms
		Debug|x86 = Debug|x86
		Release|Any CPU = Release|Any CPU
		Release|Mixed Platforms = Release|Mixed Platforms
		Release|x86 = Release|x86
	EndGlobalSection
	GlobalSection(ProjectConfigurationPlatforms) = postSolution
		{3A954A04-5553-4D2E-AD57-7D854D8A82DA}.Debug|Any CPU.ActiveCfg = Debug|Any CPU
		{3A954A04-5553-4D2E-AD57-7D854D8A82DA}.Debug|Any CPU.Build.0 = Debug|Any CPU
		{3A954A04-5553-4D2E-AD57-7D854D8A82DA}.Debug|Mixed Platforms.ActiveCfg = Debug|Any CPU
		{3A954A04-5553-4D2E-AD57-7D854D8A82DA}.Debug|Mixed Platforms.Build.0 = Debug|Any CPU
		{3A954A04-5553-4D2E-AD57-7D854D8A82DA}.Debug|x86.ActiveCfg = Debug|Any CPU
		{3A954A04-5553-4D2E-AD57-7D854D8A82DA}.Release|Any CPU.ActiveCfg = Release|Any CPU
		{3A954A04-5553-4D2E-AD57-7D854D8A82DA}.Release|Any CPU.Build.0 = Release|Any CPU
		{3A954A04-5553-4D2E-AD57-7D854D8A82DA}.Release|Mixed Platforms.ActiveCfg = Release|Any CPU
		{3A954A04-5553-4D2E-AD57-7D854D8A82DA}.Release|Mixed Platforms.Build.0 = Release|Any CPU
		{3A954A04-5553-4D2E-AD57-7D854D8A82DA}.Release|x86.ActiveCfg = Release|Any CPU
		{DFCFEE73-0F0A-4214-8F9C-FC6B90C77485}.Debug|Any CPU.ActiveCfg = Debug|x86
		{DFCFEE73-0F0A-4214-8F9C-FC6B90C77485}.Debug|Mixed Platforms.ActiveCfg = Debug|x86
		{DFCFEE73-0F0A-4214-8F9C-FC6B90C77485}.Debug|Mixed Platforms.Build.0 = Debug|x86
		{DFCFEE73-0F0A-4214-8F9C-FC6B90C77485}.Debug|x86.ActiveCfg = Debug|x86
		{DFCFEE73-0F0A-4214-8F9C-FC6B90C77485}.Debug|x86.Build.0 = Debug|x86
		{DFCFEE73-0F0A-4214-8F9C-FC6B90C77485}.Release|Any CPU.ActiveCfg = Release|x86
		{DFCFEE73-0F0A-4214-8F9C-FC6B90C77485}.Release|Mixed Platforms.ActiveCfg = Release|x86
		{DFCFEE73-0F0A-4214-8F9C-FC6B90C77485}.Release|Mixed Platforms.Build.0 = Release|x86
		{DFCFEE73-0F0A-4214-8F9C-FC6B90C77485}.Release|x86.ActiveCfg = Release|x86
		{DFCFEE73-0F0A-4214-8F9C-FC6B90C77485}.Release|x86.Build.0 = Release|x86
	EndGlobalSection
	GlobalSection(SolutionProperties) = preSolution
		HideSolutionNode = FALSE
	EndGlobalSection
EndGlobal
